
Microsoft Visual Studio Solution File, Format Version 12.00
# Visual Studio Version 17
VisualStudioVersion = 17.3.32929.385
MinimumVisualStudioVersion = 10.0.40219.1
Project("{FAE04EC0-301F-11D3-BF4B-00C04F79EFBC}") = "Project-DataBase", "Project-DataBase\Project-DataBase.csproj", "{819647B8-D707-437D-B7AF-2263CFA6FE5F}"
EndProject
Global
	GlobalSection(SolutionConfigurationPlatforms) = preSolution
		Debug|Any CPU = Debug|Any CPU
		Release|Any CPU = Release|Any CPU
	EndGlobalSection
	GlobalSection(ProjectConfigurationPlatforms) = postSolution
		{819647B8-D707-437D-B7AF-2263CFA6FE5F}.Debug|Any CPU.ActiveCfg = Debug|Any CPU
		{819647B8-D707-437D-B7AF-2263CFA6FE5F}.Debug|Any CPU.Build.0 = Debug|Any CPU
		{819647B8-D707-437D-B7AF-2263CFA6FE5F}.Release|Any CPU.ActiveCfg = Release|Any CPU
		{819647B8-D707-437D-B7AF-2263CFA6FE5F}.Release|Any CPU.Build.0 = Release|Any CPU
	EndGlobalSection
	GlobalSection(SolutionProperties) = preSolution
		HideSolutionNode = FALSE
	EndGlobalSection
	GlobalSection(ExtensibilityGlobals) = postSolution
		SolutionGuid = {ACD7E695-6B03-4A15-9AD0-0176AAEFA68A}
	EndGlobalSection
EndGlobal
